
Microsoft Visual Studio Solution File, Format Version 12.00
# Visual Studio Version 17
VisualStudioVersion = 17.13.35931.197 d17.13
MinimumVisualStudioVersion = 10.0.40219.1
Project("{FAE04EC0-301F-11D3-BF4B-00C04F79EFBC}") = "StreamFlex.AspNetCore", "StreamFlex.AspNetCore\StreamFlex.AspNetCore.csproj", "{45F74092-B9A8-481B-8E9E-555B1674DA07}"
EndProject
Global
	GlobalSection(SolutionConfigurationPlatforms) = preSolution
		Debug|Any CPU = Debug|Any CPU
		Release|Any CPU = Release|Any CPU
	EndGlobalSection
	GlobalSection(ProjectConfigurationPlatforms) = postSolution
		{45F74092-B9A8-481B-8E9E-555B1674DA07}.Debug|Any CPU.ActiveCfg = Debug|Any CPU
		{45F74092-B9A8-481B-8E9E-555B1674DA07}.Debug|Any CPU.Build.0 = Debug|Any CPU
		{45F74092-B9A8-481B-8E9E-555B1674DA07}.Release|Any CPU.ActiveCfg = Release|Any CPU
		{45F74092-B9A8-481B-8E9E-555B1674DA07}.Release|Any CPU.Build.0 = Release|Any CPU
	EndGlobalSection
	GlobalSection(SolutionProperties) = preSolution
		HideSolutionNode = FALSE
	EndGlobalSection
	GlobalSection(ExtensibilityGlobals) = postSolution
		SolutionGuid = {BEF51AEE-A130-4237-AA13-30DE518F08A0}
	EndGlobalSection
EndGlobal
